{
  "name": "optivolt",
  "version": "0.1.0",
  "lockfileVersion": 3,
  "requires": true,
  "packages": {
    "": {
      "name": "optivolt",
      "version": "0.1.0",
      "license": "MIT",
      "dependencies": {
        "highs": "^1.6.0"
      },
      "engines": {
        "node": ">=24 <25"
      }
    },
    "node_modules/highs": {
      "version": "1.8.0",
      "resolved": "https://registry.npmjs.org/highs/-/highs-1.8.0.tgz",
      "integrity": "sha512-0QFXXjU/mxU1y3Ec44QpESq6STkPauNDfIPf0welcUGjilpVYnfH9RepBvr0t9YDQPUniIcZTX9xyxqxF668ag==",
      "license": "MIT"
    }
  }
}
